
Microsoft Visual Studio Solution File, Format Version 12.00
# Visual Studio Version 17
VisualStudioVersion = 17.5.33516.290
MinimumVisualStudioVersion = 10.0.40219.1
Project("{8BC9CEB8-8B4A-11D0-8D11-00A0C91BC942}") = "C language function (2)", "C language function (2).vcxproj", "{696EC46D-BB9A-4C50-A2F8-DA9B34830FD3}"
EndProject
Global
	GlobalSection(SolutionConfigurationPlatforms) = preSolution
		Debug|x64 = Debug|x64
		Debug|x86 = Debug|x86
		Release|x64 = Release|x64
		Release|x86 = Release|x86
	EndGlobalSection
	GlobalSection(ProjectConfigurationPlatforms) = postSolution
		{696EC46D-BB9A-4C50-A2F8-DA9B34830FD3}.Debug|x64.ActiveCfg = Debug|x64
		{696EC46D-BB9A-4C50-A2F8-DA9B34830FD3}.Debug|x64.Build.0 = Debug|x64
		{696EC46D-BB9A-4C50-A2F8-DA9B34830FD3}.Debug|x86.ActiveCfg = Debug|Win32
		{696EC46D-BB9A-4C50-A2F8-DA9B34830FD3}.Debug|x86.Build.0 = Debug|Win32
		{696EC46D-BB9A-4C50-A2F8-DA9B34830FD3}.Release|x64.ActiveCfg = Release|x64
		{696EC46D-BB9A-4C50-A2F8-DA9B34830FD3}.Release|x64.Build.0 = Release|x64
		{696EC46D-BB9A-4C50-A2F8-DA9B34830FD3}.Release|x86.ActiveCfg = Release|Win32
		{696EC46D-BB9A-4C50-A2F8-DA9B34830FD3}.Release|x86.Build.0 = Release|Win32
	EndGlobalSection
	GlobalSection(SolutionProperties) = preSolution
		HideSolutionNode = FALSE
	EndGlobalSection
	GlobalSection(ExtensibilityGlobals) = postSolution
		SolutionGuid = {4EC38BC8-F192-4B49-B044-1D5C9BBE93E0}
	EndGlobalSection
EndGlobal
